{
	"requires": true,
	"lockfileVersion": 1,
	"dependencies": {
		"@discoveryjs/json-ext": {
			"version": "0.5.2",
			"resolved": "https://registry.npmjs.org/@discoveryjs/json-ext/-/json-ext-0.5.2.tgz",
			"integrity": "sha512-HyYEUDeIj5rRQU2Hk5HTB2uHsbRQpF70nvMhVzi+VJR0X+xNEhjPui4/kBf3VeH/wqD28PT4sVOm8qqLjBrSZg==",
			"dev": true
		},
		"@webpack-cli/info": {
			"version": "1.2.1",
			"resolved": "https://registry.npmjs.org/@webpack-cli/info/-/info-1.2.1.tgz",
			"integrity": "sha512-fLnDML5HZ5AEKzHul8xLAksoKN2cibu6MgonkUj8R9V7bbeVRkd1XbGEGWrAUNYHbX1jcqCsDEpBviE5StPMzQ==",
			"dev": true,
			"requires": {
				"envinfo": "^7.7.3"
			}
		},
		"@webpack-cli/serve": {
			"version": "1.2.1",
			"resolved": "https://registry.npmjs.org/@webpack-cli/serve/-/serve-1.2.1.tgz",
			"integrity": "sha512-Zj1z6AyS+vqV6Hfi7ngCjFGdHV5EwZNIHo6QfFTNe9PyW+zBU1zJ9BiOW1pmUEq950RC4+Dym6flyA/61/vhyw==",
			"dev": true
		},
		"ansi-colors": {
			"version": "4.1.1",
			"resolved": "https://registry.npmjs.org/ansi-colors/-/ansi-colors-4.1.1.tgz",
			"integrity": "sha512-JoX0apGbHaUJBNl6yF+p6JAFYZ666/hhCGKN5t9QFjbJQKUU/g8MNbFDbvfrgKXvI1QpZplPOnwIo99lX/AAmA==",
			"dev": true
		},
		"colorette": {
			"version": "1.2.1",
			"resolved": "https://registry.npmjs.org/colorette/-/colorette-1.2.1.tgz",
			"integrity": "sha512-puCDz0CzydiSYOrnXpz/PKd69zRrribezjtE9yd4zvytoRc8+RY/KJPvtPFKZS3E3wP6neGyMe0vOTlHO5L3Pw==",
			"dev": true
		},
		"commander": {
			"version": "6.2.1",
			"resolved": "https://registry.npmjs.org/commander/-/commander-6.2.1.tgz",
			"integrity": "sha512-U7VdrJFnJgo4xjrHpTzu0yrHPGImdsmD95ZlgYSEajAn2JKzDhDTPG9kBTefmObL2w/ngeZnilk+OV9CG3d7UA==",
			"dev": true
		},
		"cross-spawn": {
			"version": "7.0.3",
			"resolved": "https://registry.npmjs.org/cross-spawn/-/cross-spawn-7.0.3.tgz",
			"integrity": "sha512-iRDPJKUPVEND7dHPO8rkbOnPpyDygcDFtWjpeWNCgy8WP2rXcxXL8TskReQl6OrB2G7+UJrags1q15Fudc7G6w==",
			"dev": true,
			"requires": {
				"path-key": "^3.1.0",
				"shebang-command": "^2.0.0",
				"which": "^2.0.1"
			}
		},
		"enquirer": {
			"version": "2.3.6",
			"resolved": "https://registry.npmjs.org/enquirer/-/enquirer-2.3.6.tgz",
			"integrity": "sha512-yjNnPr315/FjS4zIsUxYguYUPP2e1NK4d7E7ZOLiyYCcbFBiTMyID+2wvm2w6+pZ/odMA7cRkjhsPbltwBOrLg==",
			"dev": true,
			"requires": {
				"ansi-colors": "^4.1.1"
			}
		},
		"envinfo": {
			"version": "7.7.3",
			"resolved": "https://registry.npmjs.org/envinfo/-/envinfo-7.7.3.tgz",
			"integrity": "sha512-46+j5QxbPWza0PB1i15nZx0xQ4I/EfQxg9J8Had3b408SV63nEtor2e+oiY63amTo9KTuh2a3XLObNwduxYwwA==",
			"dev": true
		},
		"execa": {
			"version": "5.0.0",
			"resolved": "https://registry.npmjs.org/execa/-/execa-5.0.0.tgz",
			"integrity": "sha512-ov6w/2LCiuyO4RLYGdpFGjkcs0wMTgGE8PrkTHikeUy5iJekXyPIKUjifk5CsE0pt7sMCrMZ3YNqoCj6idQOnQ==",
			"dev": true,
			"requires": {
				"cross-spawn": "^7.0.3",
				"get-stream": "^6.0.0",
				"human-signals": "^2.1.0",
				"is-stream": "^2.0.0",
				"merge-stream": "^2.0.0",
				"npm-run-path": "^4.0.1",
				"onetime": "^5.1.2",
				"signal-exit": "^3.0.3",
				"strip-final-newline": "^2.0.0"
			}
		},
		"fastest-levenshtein": {
			"version": "1.0.12",
			"resolved": "https://registry.npmjs.org/fastest-levenshtein/-/fastest-levenshtein-1.0.12.tgz",
			"integrity": "sha512-On2N+BpYJ15xIC974QNVuYGMOlEVt4s0EOI3wwMqOmK1fdDY+FN/zltPV8vosq4ad4c/gJ1KHScUn/6AWIgiow==",
			"dev": true
		},
		"find-up": {
			"version": "4.1.0",
			"resolved": "https://registry.npmjs.org/find-up/-/find-up-4.1.0.tgz",
			"integrity": "sha512-PpOwAdQ/YlXQ2vj8a3h8IipDuYRi3wceVQQGYWxNINccq40Anw7BlsEXCMbt1Zt+OLA6Fq9suIpIWD0OsnISlw==",
			"dev": true,
			"requires": {
				"locate-path": "^5.0.0",
				"path-exists": "^4.0.0"
			}
		},
		"function-bind": {
			"version": "1.1.1",
			"resolved": "https://registry.npmjs.org/function-bind/-/function-bind-1.1.1.tgz",
			"integrity": "sha512-yIovAzMX49sF8Yl58fSCWJ5svSLuaibPxXQJFLmBObTuCr0Mf1KiPopGM9NiFjiYBCbfaa2Fh6breQ6ANVTI0A==",
			"dev": true
		},
		"get-stream": {
			"version": "6.0.0",
			"resolved": "https://registry.npmjs.org/get-stream/-/get-stream-6.0.0.tgz",
			"integrity": "sha512-A1B3Bh1UmL0bidM/YX2NsCOTnGJePL9rO/M+Mw3m9f2gUpfokS0hi5Eah0WSUEWZdZhIZtMjkIYS7mDfOqNHbg==",
			"dev": true
		},
		"has": {
			"version": "1.0.3",
			"resolved": "https://registry.npmjs.org/has/-/has-1.0.3.tgz",
			"integrity": "sha512-f2dvO0VU6Oej7RkWJGrehjbzMAjFp5/VKPp5tTpWIV4JHHZK1/BxbFRtf/siA2SWTe09caDmVtYYzWEIbBS4zw==",
			"dev": true,
			"requires": {
				"function-bind": "^1.1.1"
			}
		},
		"human-signals": {
			"version": "2.1.0",
			"resolved": "https://registry.npmjs.org/human-signals/-/human-signals-2.1.0.tgz",
			"integrity": "sha512-B4FFZ6q/T2jhhksgkbEW3HBvWIfDW85snkQgawt07S7J5QXTk6BkNV+0yAeZrM5QpMAdYlocGoljn0sJ/WQkFw==",
			"dev": true
		},
		"import-local": {
			"version": "3.0.2",
			"resolved": "https://registry.npmjs.org/import-local/-/import-local-3.0.2.tgz",
			"integrity": "sha512-vjL3+w0oulAVZ0hBHnxa/Nm5TAurf9YLQJDhqRZyqb+VKGOB6LU8t9H1Nr5CIo16vh9XfJTOoHwU0B71S557gA==",
			"dev": true,
			"requires": {
				"pkg-dir": "^4.2.0",
				"resolve-cwd": "^3.0.0"
			}
		},
		"interpret": {
			"version": "2.2.0",
			"resolved": "https://registry.npmjs.org/interpret/-/interpret-2.2.0.tgz",
			"integrity": "sha512-Ju0Bz/cEia55xDwUWEa8+olFpCiQoypjnQySseKtmjNrnps3P+xfpUmGr90T7yjlVJmOtybRvPXhKMbHr+fWnw==",
			"dev": true
		},
		"is-core-module": {
			"version": "2.2.0",
			"resolved": "https://registry.npmjs.org/is-core-module/-/is-core-module-2.2.0.tgz",
			"integrity": "sha512-XRAfAdyyY5F5cOXn7hYQDqh2Xmii+DEfIcQGxK/uNwMHhIkPWO0g8msXcbzLe+MpGoR951MlqM/2iIlU4vKDdQ==",
			"dev": true,
			"requires": {
				"has": "^1.0.3"
			}
		},
		"is-stream": {
			"version": "2.0.0",
			"resolved": "https://registry.npmjs.org/is-stream/-/is-stream-2.0.0.tgz",
			"integrity": "sha512-XCoy+WlUr7d1+Z8GgSuXmpuUFC9fOhRXglJMx+dwLKTkL44Cjd4W1Z5P+BQZpr+cR93aGP4S/s7Ftw6Nd/kiEw==",
			"dev": true
		},
		"isexe": {
			"version": "2.0.0",
			"resolved": "https://registry.npmjs.org/isexe/-/isexe-2.0.0.tgz",
			"integrity": "sha1-6PvzdNxVb/iUehDcsFctYz8s+hA=",
			"dev": true
		},
		"locate-path": {
			"version": "5.0.0",
			"resolved": "https://registry.npmjs.org/locate-path/-/locate-path-5.0.0.tgz",
			"integrity": "sha512-t7hw9pI+WvuwNJXwk5zVHpyhIqzg2qTlklJOf0mVxGSbe3Fp2VieZcduNYjaLDoy6p9uGpQEGWG87WpMKlNq8g==",
			"dev": true,
			"requires": {
				"p-locate": "^4.1.0"
			}
		},
		"lodash": {
			"version": "4.17.20",
			"resolved": "https://registry.npmjs.org/lodash/-/lodash-4.17.20.tgz",
			"integrity": "sha512-PlhdFcillOINfeV7Ni6oF1TAEayyZBoZ8bcshTHqOYJYlrqzRK5hagpagky5o4HfCzzd1TRkXPMFq6cKk9rGmA==",
			"dev": true
		},
		"merge-stream": {
			"version": "2.0.0",
			"resolved": "https://registry.npmjs.org/merge-stream/-/merge-stream-2.0.0.tgz",
			"integrity": "sha512-abv/qOcuPfk3URPfDzmZU1LKmuw8kT+0nIHvKrKgFrwifol/doWcdA4ZqsWQ8ENrFKkd67Mfpo/LovbIUsbt3w==",
			"dev": true
		},
		"mimic-fn": {
			"version": "2.1.0",
			"resolved": "https://registry.npmjs.org/mimic-fn/-/mimic-fn-2.1.0.tgz",
			"integrity": "sha512-OqbOk5oEQeAZ8WXWydlu9HJjz9WVdEIvamMCcXmuqUYjTknH/sqsWvhQ3vgwKFRR1HpjvNBKQ37nbJgYzGqGcg==",
			"dev": true
		},
		"npm-run-path": {
			"version": "4.0.1",
			"resolved": "https://registry.npmjs.org/npm-run-path/-/npm-run-path-4.0.1.tgz",
			"integrity": "sha512-S48WzZW777zhNIrn7gxOlISNAqi9ZC/uQFnRdbeIHhZhCA6UqpkOT8T1G7BvfdgP4Er8gF4sUbaS0i7QvIfCWw==",
			"dev": true,
			"requires": {
				"path-key": "^3.0.0"
			}
		},
		"onetime": {
			"version": "5.1.2",
			"resolved": "https://registry.npmjs.org/onetime/-/onetime-5.1.2.tgz",
			"integrity": "sha512-kbpaSSGJTWdAY5KPVeMOKXSrPtr8C8C7wodJbcsd51jRnmD+GZu8Y0VoU6Dm5Z4vWr0Ig/1NKuWRKf7j5aaYSg==",
			"dev": true,
			"requires": {
				"mimic-fn": "^2.1.0"
			}
		},
		"p-limit": {
			"version": "2.3.0",
			"resolved": "https://registry.npmjs.org/p-limit/-/p-limit-2.3.0.tgz",
			"integrity": "sha512-//88mFWSJx8lxCzwdAABTJL2MyWB12+eIY7MDL2SqLmAkeKU9qxRvWuSyTjm3FUmpBEMuFfckAIqEaVGUDxb6w==",
			"dev": true,
			"requires": {
				"p-try": "^2.0.0"
			}
		},
		"p-locate": {
			"version": "4.1.0",
			"resolved": "https://registry.npmjs.org/p-locate/-/p-locate-4.1.0.tgz",
			"integrity": "sha512-R79ZZ/0wAxKGu3oYMlz8jy/kbhsNrS7SKZ7PxEHBgJ5+F2mtFW2fK2cOtBh1cHYkQsbzFV7I+EoRKe6Yt0oK7A==",
			"dev": true,
			"requires": {
				"p-limit": "^2.2.0"
			}
		},
		"p-try": {
			"version": "2.2.0",
			"resolved": "https://registry.npmjs.org/p-try/-/p-try-2.2.0.tgz",
			"integrity": "sha512-R4nPAVTAU0B9D35/Gk3uJf/7XYbQcyohSKdvAxIRSNghFl4e71hVoGnBNQz9cWaXxO2I10KTC+3jMdvvoKw6dQ==",
			"dev": true
		},
		"path-exists": {
			"version": "4.0.0",
			"resolved": "https://registry.npmjs.org/path-exists/-/path-exists-4.0.0.tgz",
			"integrity": "sha512-ak9Qy5Q7jYb2Wwcey5Fpvg2KoAc/ZIhLSLOSBmRmygPsGwkVVt0fZa0qrtMz+m6tJTAHfZQ8FnmB4MG4LWy7/w==",
			"dev": true
		},
		"path-key": {
			"version": "3.1.1",
			"resolved": "https://registry.npmjs.org/path-key/-/path-key-3.1.1.tgz",
			"integrity": "sha512-ojmeN0qd+y0jszEtoY48r0Peq5dwMEkIlCOu6Q5f41lfkswXuKtYrhgoTpLnyIcHm24Uhqx+5Tqm2InSwLhE6Q==",
			"dev": true
		},
		"path-parse": {
			"version": "1.0.6",
			"resolved": "https://registry.npmjs.org/path-parse/-/path-parse-1.0.6.tgz",
			"integrity": "sha512-GSmOT2EbHrINBf9SR7CDELwlJ8AENk3Qn7OikK4nFYAu3Ote2+JYNVvkpAEQm3/TLNEJFD/xZJjzyxg3KBWOzw==",
			"dev": true
		},
		"pkg-dir": {
			"version": "4.2.0",
			"resolved": "https://registry.npmjs.org/pkg-dir/-/pkg-dir-4.2.0.tgz",
			"integrity": "sha512-HRDzbaKjC+AOWVXxAU/x54COGeIv9eb+6CkDSQoNTt4XyWoIJvuPsXizxu/Fr23EiekbtZwmh1IcIG/l/a10GQ==",
			"dev": true,
			"requires": {
				"find-up": "^4.0.0"
			}
		},
		"rechoir": {
			"version": "0.7.0",
			"resolved": "https://registry.npmjs.org/rechoir/-/rechoir-0.7.0.tgz",
			"integrity": "sha512-ADsDEH2bvbjltXEP+hTIAmeFekTFK0V2BTxMkok6qILyAJEXV0AFfoWcAq4yfll5VdIMd/RVXq0lR+wQi5ZU3Q==",
			"dev": true,
			"requires": {
				"resolve": "^1.9.0"
			}
		},
		"resolve": {
			"version": "1.19.0",
			"resolved": "https://registry.npmjs.org/resolve/-/resolve-1.19.0.tgz",
			"integrity": "sha512-rArEXAgsBG4UgRGcynxWIWKFvh/XZCcS8UJdHhwy91zwAvCZIbcs+vAbflgBnNjYMs/i/i+/Ux6IZhML1yPvxg==",
			"dev": true,
			"requires": {
				"is-core-module": "^2.1.0",
				"path-parse": "^1.0.6"
			}
		},
		"resolve-cwd": {
			"version": "3.0.0",
			"resolved": "https://registry.npmjs.org/resolve-cwd/-/resolve-cwd-3.0.0.tgz",
			"integrity": "sha512-OrZaX2Mb+rJCpH/6CpSqt9xFVpN++x01XnN2ie9g6P5/3xelLAkXWVADpdz1IHD/KFfEXyE6V0U01OQ3UO2rEg==",
			"dev": true,
			"requires": {
				"resolve-from": "^5.0.0"
			}
		},
		"resolve-from": {
			"version": "5.0.0",
			"resolved": "https://registry.npmjs.org/resolve-from/-/resolve-from-5.0.0.tgz",
			"integrity": "sha512-qYg9KP24dD5qka9J47d0aVky0N+b4fTU89LN9iDnjB5waksiC49rvMB0PrUJQGoTmH50XPiqOvAjDfaijGxYZw==",
			"dev": true
		},
		"shebang-command": {
			"version": "2.0.0",
			"resolved": "https://registry.npmjs.org/shebang-command/-/shebang-command-2.0.0.tgz",
			"integrity": "sha512-kHxr2zZpYtdmrN1qDjrrX/Z1rR1kG8Dx+gkpK1G4eXmvXswmcE1hTWBWYUzlraYw1/yZp6YuDY77YtvbN0dmDA==",
			"dev": true,
			"requires": {
				"shebang-regex": "^3.0.0"
			}
		},
		"shebang-regex": {
			"version": "3.0.0",
			"resolved": "https://registry.npmjs.org/shebang-regex/-/shebang-regex-3.0.0.tgz",
			"integrity": "sha512-7++dFhtcx3353uBaq8DDR4NuxBetBzC7ZQOhmTQInHEd6bSrXdiEyzCvG07Z44UYdLShWUyXt5M/yhz8ekcb1A==",
			"dev": true
		},
		"signal-exit": {
			"version": "3.0.3",
			"resolved": "https://registry.npmjs.org/signal-exit/-/signal-exit-3.0.3.tgz",
			"integrity": "sha512-VUJ49FC8U1OxwZLxIbTTrDvLnf/6TDgxZcK8wxR8zs13xpx7xbG60ndBlhNrFi2EMuFRoeDoJO7wthSLq42EjA==",
			"dev": true
		},
		"strip-final-newline": {
			"version": "2.0.0",
			"resolved": "https://registry.npmjs.org/strip-final-newline/-/strip-final-newline-2.0.0.tgz",
			"integrity": "sha512-BrpvfNAE3dcvq7ll3xVumzjKjZQ5tI1sEUIKr3Uoks0XUl45St3FlatVqef9prk4jRDzhW6WZg+3bk93y6pLjA==",
			"dev": true
		},
		"v8-compile-cache": {
			"version": "2.2.0",
			"resolved": "https://registry.npmjs.org/v8-compile-cache/-/v8-compile-cache-2.2.0.tgz",
			"integrity": "sha512-gTpR5XQNKFwOd4clxfnhaqvfqMpqEwr4tOtCyz4MtYZX2JYhfr1JvBFKdS+7K/9rfpZR3VLX+YWBbKoxCgS43Q==",
			"dev": true
		},
		"webpack-cli": {
			"version": "4.3.1",
			"resolved": "https://registry.npmjs.org/webpack-cli/-/webpack-cli-4.3.1.tgz",
			"integrity": "sha512-/F4+9QNZM/qKzzL9/06Am8NXIkGV+/NqQ62Dx7DSqudxxpAgBqYn6V7+zp+0Y7JuWksKUbczRY3wMTd+7Uj6OA==",
			"dev": true,
			"requires": {
				"@discoveryjs/json-ext": "^0.5.0",
				"@webpack-cli/info": "^1.2.1",
				"@webpack-cli/serve": "^1.2.1",
				"colorette": "^1.2.1",
				"commander": "^6.2.0",
				"enquirer": "^2.3.6",
				"execa": "^5.0.0",
				"fastest-levenshtein": "^1.0.12",
				"import-local": "^3.0.2",
				"interpret": "^2.2.0",
				"rechoir": "^0.7.0",
				"v8-compile-cache": "^2.2.0",
				"webpack-merge": "^4.2.2"
			}
		},
		"webpack-merge": {
			"version": "4.2.2",
			"resolved": "https://registry.npmjs.org/webpack-merge/-/webpack-merge-4.2.2.tgz",
			"integrity": "sha512-TUE1UGoTX2Cd42j3krGYqObZbOD+xF7u28WB7tfUordytSjbWTIjK/8V0amkBfTYN4/pB/GIDlJZZ657BGG19g==",
			"dev": true,
			"requires": {
				"lodash": "^4.17.15"
			}
		},
		"which": {
			"version": "2.0.2",
			"resolved": "https://registry.npmjs.org/which/-/which-2.0.2.tgz",
			"integrity": "sha512-BLI3Tl1TW3Pvl70l3yq3Y64i+awpwXqsGBYWkkqMtnbXgrMD+yj7rhW0kuEDxzJaYXGjEW5ogapKNMEKNMjibA==",
			"dev": true,
			"requires": {
				"isexe": "^2.0.0"
			}
		}
	}
}
